{
  "name": "PracticaV1",
  "lockfileVersion": 2,
  "requires": true,
  "packages": {
    "": {
      "dependencies": {
        "freezeframe": "^5.0.2",
        "jquery": "^3.6.0"
      }
    },
    "node_modules/freezeframe": {
      "version": "5.0.2",
      "resolved": "https://registry.npmjs.org/freezeframe/-/freezeframe-5.0.2.tgz",
      "integrity": "sha512-Lp1ltC2vJGBqxdW5U4Hx+JMW+s9KfTPpxKhSTlpmQxYX5oK66y3GIZo56Jie4XtSOApSbfc8SBcsbZzeTNKfFg=="
    },
    "node_modules/jquery": {
      "version": "3.6.0",
      "resolved": "https://registry.npmjs.org/jquery/-/jquery-3.6.0.tgz",
      "integrity": "sha512-JVzAR/AjBvVt2BmYhxRCSYysDsPcssdmTFnzyLEts9qNwmjmu4JTAMYubEfwVOSwpQ1I1sKKFcxhZCI2buerfw=="
    }
  },
  "dependencies": {
    "freezeframe": {
      "version": "5.0.2",
      "resolved": "https://registry.npmjs.org/freezeframe/-/freezeframe-5.0.2.tgz",
      "integrity": "sha512-Lp1ltC2vJGBqxdW5U4Hx+JMW+s9KfTPpxKhSTlpmQxYX5oK66y3GIZo56Jie4XtSOApSbfc8SBcsbZzeTNKfFg=="
    },
    "jquery": {
      "version": "3.6.0",
      "resolved": "https://registry.npmjs.org/jquery/-/jquery-3.6.0.tgz",
      "integrity": "sha512-JVzAR/AjBvVt2BmYhxRCSYysDsPcssdmTFnzyLEts9qNwmjmu4JTAMYubEfwVOSwpQ1I1sKKFcxhZCI2buerfw=="
    }
  }
}
